
Microsoft Visual Studio Solution File, Format Version 12.00
# Visual Studio Version 16
VisualStudioVersion = 16.0.31019.35
MinimumVisualStudioVersion = 10.0.40219.1
Project("{8BC9CEB8-8B4A-11D0-8D11-00A0C91BC942}") = "Emergine", "Emergine\Emergine.vcxproj", "{B14DD5D9-75C3-4B4F-B6FE-25B7AB0620AB}"
EndProject
Global
	GlobalSection(SolutionConfigurationPlatforms) = preSolution
		Debug|x64 = Debug|x64
		Release|x64 = Release|x64
	EndGlobalSection
	GlobalSection(ProjectConfigurationPlatforms) = postSolution
		{B14DD5D9-75C3-4B4F-B6FE-25B7AB0620AB}.Debug|x64.ActiveCfg = Debug|x64
		{B14DD5D9-75C3-4B4F-B6FE-25B7AB0620AB}.Debug|x64.Build.0 = Debug|x64
		{B14DD5D9-75C3-4B4F-B6FE-25B7AB0620AB}.Release|x64.ActiveCfg = Release|x64
		{B14DD5D9-75C3-4B4F-B6FE-25B7AB0620AB}.Release|x64.Build.0 = Release|x64
	EndGlobalSection
	GlobalSection(SolutionProperties) = preSolution
		HideSolutionNode = FALSE
	EndGlobalSection
	GlobalSection(ExtensibilityGlobals) = postSolution
		SolutionGuid = {E4212526-E202-4B40-AF4A-5265EA0F89A3}
	EndGlobalSection
EndGlobal
